
Microsoft Visual Studio Solution File, Format Version 12.00
# Visual Studio Version 17
VisualStudioVersion = 17.9.34728.123
MinimumVisualStudioVersion = 10.0.40219.1
Project("{FAE04EC0-301F-11D3-BF4B-00C04F79EFBC}") = "Wisdompad", "Wisdompad\Wisdompad.csproj", "{AC656CFB-DF8D-4DD4-B661-104E316F5180}"
EndProject
Global
	GlobalSection(SolutionConfigurationPlatforms) = preSolution
		Debug|Any CPU = Debug|Any CPU
		Release|Any CPU = Release|Any CPU
	EndGlobalSection
	GlobalSection(ProjectConfigurationPlatforms) = postSolution
		{AC656CFB-DF8D-4DD4-B661-104E316F5180}.Debug|Any CPU.ActiveCfg = Debug|Any CPU
		{AC656CFB-DF8D-4DD4-B661-104E316F5180}.Debug|Any CPU.Build.0 = Debug|Any CPU
		{AC656CFB-DF8D-4DD4-B661-104E316F5180}.Release|Any CPU.ActiveCfg = Release|Any CPU
		{AC656CFB-DF8D-4DD4-B661-104E316F5180}.Release|Any CPU.Build.0 = Release|Any CPU
	EndGlobalSection
	GlobalSection(SolutionProperties) = preSolution
		HideSolutionNode = FALSE
	EndGlobalSection
	GlobalSection(ExtensibilityGlobals) = postSolution
		SolutionGuid = {9A9494CE-6D57-4611-91CD-D01320AB72FC}
	EndGlobalSection
EndGlobal
